
Microsoft Visual Studio Solution File, Format Version 12.00
# Visual Studio Version 17
VisualStudioVersion = 17.1.32228.430
MinimumVisualStudioVersion = 10.0.40219.1
Project("{FAE04EC0-301F-11D3-BF4B-00C04F79EFBC}") = "ExcelToCsv", "ExcelToCsv\ExcelToCsv.csproj", "{2006C459-279D-428A-A167-A6F5C4B8037A}"
EndProject
Global
	GlobalSection(SolutionConfigurationPlatforms) = preSolution
		Debug|Any CPU = Debug|Any CPU
		Release|Any CPU = Release|Any CPU
	EndGlobalSection
	GlobalSection(ProjectConfigurationPlatforms) = postSolution
		{2006C459-279D-428A-A167-A6F5C4B8037A}.Debug|Any CPU.ActiveCfg = Debug|Any CPU
		{2006C459-279D-428A-A167-A6F5C4B8037A}.Debug|Any CPU.Build.0 = Debug|Any CPU
		{2006C459-279D-428A-A167-A6F5C4B8037A}.Release|Any CPU.ActiveCfg = Release|Any CPU
		{2006C459-279D-428A-A167-A6F5C4B8037A}.Release|Any CPU.Build.0 = Release|Any CPU
	EndGlobalSection
	GlobalSection(SolutionProperties) = preSolution
		HideSolutionNode = FALSE
	EndGlobalSection
	GlobalSection(ExtensibilityGlobals) = postSolution
		SolutionGuid = {13910ADE-0616-4843-A090-99611FE26A6C}
	EndGlobalSection
EndGlobal
